// !$*UTF8*$!
{
	archiveVersion = 1;
	classes = {
	};
	objectVersion = 42;
	objects = {

/* Begin PBXBuildFile section */
		7D4EAF0118343011005B8615 /* Accelerate.framework in Frameworks */ = {isa = PBXBuildFile; fileRef = 7D4EAF0018343011005B8615 /* Accelerate.framework */; };
		7D4EAF9A1834C55F005B8615 /* svm.cpp in Sources */ = {isa = PBXBuildFile; fileRef = 7D4EAF3A1834C55F005B8615 /* svm.cpp */; };
		7D4EAF9B1834C55F005B8615 /* svm.cpp in Sources */ = {isa = PBXBuildFile; fileRef = 7D4EAF3A1834C55F005B8615 /* svm.cpp */; };
		7D4EAF9D1834C55F005B8615 /* svm.h in Headers */ = {isa = PBXBuildFile; fileRef = 7D4EAF3C1834C55F005B8615 /* svm.h */; };
		7D635EB31838D10900E718CE /* MaxAPI.framework in Frameworks */ = {isa = PBXBuildFile; fileRef = 7D635EB21838D10900E718CE /* MaxAPI.framework */; };
		7D635EB51838D19F00E718CE /* MaxAudioAPI.framework in Frameworks */ = {isa = PBXBuildFile; fileRef = 7D635EB41838D19F00E718CE /* MaxAudioAPI.framework */; };
		E98573570D9E52D300682171 /* main.cpp in Sources */ = {isa = PBXBuildFile; fileRef = E98573560D9E52D300682171 /* main.cpp */; };
		E98573580D9E52D300682171 /* main.cpp in Sources */ = {isa = PBXBuildFile; fileRef = E98573560D9E52D300682171 /* main.cpp */; };
		E99A3B770D35508600E692EF /* Info.plist in Resources */ = {isa = PBXBuildFile; fileRef = E99A3B760D35508600E692EF /* Info.plist */; };
/* End PBXBuildFile section */

/* Begin PBXCopyFilesBuildPhase section */
		E9974EC207708C9300206F68 /* CopyFiles */ = {
			isa = PBXCopyFilesBuildPhase;
			buildActionMask = 8;
			dstPath = "/Library/Application Support/Cycling '74/init";
			dstSubfolderSpec = 0;
			files = (
			);
			runOnlyForDeploymentPostprocessing = 1;
		};
/* End PBXCopyFilesBuildPhase section */

/* Begin PBXFileReference section */
		7D4EAF0018343011005B8615 /* Accelerate.framework */ = {isa = PBXFileReference; lastKnownFileType = wrapper.framework; name = Accelerate.framework; path = System/Library/Frameworks/Accelerate.framework; sourceTree = SDKROOT; };
		7D4EAF3A1834C55F005B8615 /* svm.cpp */ = {isa = PBXFileReference; fileEncoding = 4; lastKnownFileType = sourcecode.cpp.cpp; path = svm.cpp; sourceTree = "<group>"; };
		7D4EAF3C1834C55F005B8615 /* svm.h */ = {isa = PBXFileReference; fileEncoding = 4; lastKnownFileType = sourcecode.c.h; path = svm.h; sourceTree = "<group>"; };
		7D635EB21838D10900E718CE /* MaxAPI.framework */ = {isa = PBXFileReference; lastKnownFileType = wrapper.framework; name = MaxAPI.framework; path = "../../Library/Frameworks/Max5/c74support/max-includes/MaxAPI.framework"; sourceTree = "<group>"; };
		7D635EB41838D19F00E718CE /* MaxAudioAPI.framework */ = {isa = PBXFileReference; lastKnownFileType = wrapper.framework; name = MaxAudioAPI.framework; path = "../../Library/Frameworks/Max5/c74support/msp-includes/MaxAudioAPI.framework"; sourceTree = "<group>"; };
		D2AAC09D05546B4700DB518D /* ml_libsvm.pd_darwin */ = {isa = PBXFileReference; explicitFileType = "compiled.mach-o.dylib"; includeInIndex = 0; path = ml_libsvm.pd_darwin; sourceTree = BUILT_PRODUCTS_DIR; };
		E98573560D9E52D300682171 /* main.cpp */ = {isa = PBXFileReference; fileEncoding = 4; lastKnownFileType = sourcecode.cpp.cpp; path = main.cpp; sourceTree = "<group>"; };
		E9974E53077083C700206F68 /* ml_libsvm.mxo */ = {isa = PBXFileReference; explicitFileType = wrapper.cfbundle; includeInIndex = 0; path = ml_libsvm.mxo; sourceTree = BUILT_PRODUCTS_DIR; };
		E99A3B760D35508600E692EF /* Info.plist */ = {isa = PBXFileReference; fileEncoding = 30; lastKnownFileType = text.plist.xml; path = Info.plist; sourceTree = "<group>"; };
/* End PBXFileReference section */

/* Begin PBXFrameworksBuildPhase section */
		D2AAC09B05546B4700DB518D /* Frameworks */ = {
			isa = PBXFrameworksBuildPhase;
			buildActionMask = 2147483647;
			files = (
				7D4EAF0118343011005B8615 /* Accelerate.framework in Frameworks */,
			);
			runOnlyForDeploymentPostprocessing = 0;
		};
		E9974E51077083C700206F68 /* Frameworks */ = {
			isa = PBXFrameworksBuildPhase;
			buildActionMask = 2147483647;
			files = (
				7D635EB31838D10900E718CE /* MaxAPI.framework in Frameworks */,
				7D635EB51838D19F00E718CE /* MaxAudioAPI.framework in Frameworks */,
			);
			runOnlyForDeploymentPostprocessing = 0;
		};
/* End PBXFrameworksBuildPhase section */

/* Begin PBXGroup section */
		034768DDFF38A45A11DB9C8B /* Products */ = {
			isa = PBXGroup;
			children = (
				D2AAC09D05546B4700DB518D /* ml_libsvm.pd_darwin */,
				E9974E53077083C700206F68 /* ml_libsvm.mxo */,
			);
			name = Products;
			sourceTree = "<group>";
		};
		0867D691FE84028FC02AAC07 /* xsample */ = {
			isa = PBXGroup;
			children = (
				7D4EAF021834C53F005B8615 /* External */,
				08FB77ACFE841707C02AAC07 /* Source */,
				0867D69AFE84028FC02AAC07 /* Frameworks */,
				034768DDFF38A45A11DB9C8B /* Products */,
			);
			name = xsample;
			sourceTree = "<group>";
		};
		0867D69AFE84028FC02AAC07 /* Frameworks */ = {
			isa = PBXGroup;
			children = (
				7D635EB41838D19F00E718CE /* MaxAudioAPI.framework */,
				7D635EB21838D10900E718CE /* MaxAPI.framework */,
				7D4EAF0018343011005B8615 /* Accelerate.framework */,
			);
			name = Frameworks;
			sourceTree = "<group>";
		};
		08FB77ACFE841707C02AAC07 /* Source */ = {
			isa = PBXGroup;
			children = (
				E98573560D9E52D300682171 /* main.cpp */,
				E99A3B760D35508600E692EF /* Info.plist */,
			);
			name = Source;
			sourceTree = "<group>";
		};
		7D4EAF021834C53F005B8615 /* External */ = {
			isa = PBXGroup;
			children = (
				7D4EAF031834C55F005B8615 /* libsvm */,
			);
			name = External;
			sourceTree = "<group>";
		};
		7D4EAF031834C55F005B8615 /* libsvm */ = {
			isa = PBXGroup;
			children = (
				7D4EAF3A1834C55F005B8615 /* svm.cpp */,
				7D4EAF3C1834C55F005B8615 /* svm.h */,
			);
			path = libsvm;
			sourceTree = "<group>";
		};
/* End PBXGroup section */

/* Begin PBXHeadersBuildPhase section */
		D2AAC09905546B4700DB518D /* Headers */ = {
			isa = PBXHeadersBuildPhase;
			buildActionMask = 2147483647;
			files = (
				7D4EAF9D1834C55F005B8615 /* svm.h in Headers */,
			);
			runOnlyForDeploymentPostprocessing = 0;
		};
/* End PBXHeadersBuildPhase section */

/* Begin PBXNativeTarget section */
		D2AAC09C05546B4700DB518D /* pd static */ = {
			isa = PBXNativeTarget;
			buildConfigurationList = E9A5BC8A0A33819900AD9F03 /* Build configuration list for PBXNativeTarget "pd static" */;
			buildPhases = (
				D2AAC09905546B4700DB518D /* Headers */,
				D2AAC09B05546B4700DB518D /* Frameworks */,
				D2AAC09A05546B4700DB518D /* Sources */,
			);
			buildRules = (
			);
			dependencies = (
			);
			name = "pd static";
			productName = xsample;
			productReference = D2AAC09D05546B4700DB518D /* ml_libsvm.pd_darwin */;
			productType = "com.apple.product-type.library.dynamic";
		};
		E9974E52077083C700206F68 /* max static */ = {
			isa = PBXNativeTarget;
			buildConfigurationList = E9A5BC8E0A33819900AD9F03 /* Build configuration list for PBXNativeTarget "max static" */;
			buildPhases = (
				E9974E4F077083C700206F68 /* Resources */,
				E9974E50077083C700206F68 /* Sources */,
				E9974E51077083C700206F68 /* Frameworks */,
				E9974EC207708C9300206F68 /* CopyFiles */,
			);
			buildRules = (
			);
			dependencies = (
			);
			name = "max static";
			productName = "Max xsample static";
			productReference = E9974E53077083C700206F68 /* ml_libsvm.mxo */;
			productType = "com.apple.product-type.bundle";
		};
/* End PBXNativeTarget section */

/* Begin PBXProject section */
		0867D690FE84028FC02AAC07 /* Project object */ = {
			isa = PBXProject;
			attributes = {
			};
			buildConfigurationList = E9A5BC920A33819900AD9F03 /* Build configuration list for PBXProject "ml_libsvm" */;
			compatibilityVersion = "Xcode 2.4";
			developmentRegion = English;
			hasScannedForEncodings = 1;
			knownRegions = (
				en,
			);
			mainGroup = 0867D691FE84028FC02AAC07 /* xsample */;
			productRefGroup = 034768DDFF38A45A11DB9C8B /* Products */;
			projectDirPath = "";
			projectRoot = "";
			targets = (
				D2AAC09C05546B4700DB518D /* pd static */,
				E9974E52077083C700206F68 /* max static */,
			);
		};
/* End PBXProject section */

/* Begin PBXResourcesBuildPhase section */
		E9974E4F077083C700206F68 /* Resources */ = {
			isa = PBXResourcesBuildPhase;
			buildActionMask = 2147483647;
			files = (
				E99A3B770D35508600E692EF /* Info.plist in Resources */,
			);
			runOnlyForDeploymentPostprocessing = 0;
		};
/* End PBXResourcesBuildPhase section */

/* Begin PBXSourcesBuildPhase section */
		D2AAC09A05546B4700DB518D /* Sources */ = {
			isa = PBXSourcesBuildPhase;
			buildActionMask = 2147483647;
			files = (
				E98573570D9E52D300682171 /* main.cpp in Sources */,
				7D4EAF9A1834C55F005B8615 /* svm.cpp in Sources */,
			);
			runOnlyForDeploymentPostprocessing = 0;
		};
		E9974E50077083C700206F68 /* Sources */ = {
			isa = PBXSourcesBuildPhase;
			buildActionMask = 2147483647;
			files = (
				E98573580D9E52D300682171 /* main.cpp in Sources */,
				7D4EAF9B1834C55F005B8615 /* svm.cpp in Sources */,
			);
			runOnlyForDeploymentPostprocessing = 0;
		};
/* End PBXSourcesBuildPhase section */

/* Begin XCBuildConfiguration section */
		E9A5BC8B0A33819900AD9F03 /* Development */ = {
			isa = XCBuildConfiguration;
			buildSettings = {
				ARCHS = "$(ARCHS_STANDARD_32_64_BIT)";
				COPY_PHASE_STRIP = NO;
				DEBUGGING_SYMBOLS = YES;
				DYLIB_COMPATIBILITY_VERSION = 1;
				DYLIB_CURRENT_VERSION = 1;
				EXECUTABLE_EXTENSION = pd_darwin;
				GCC_OPTIMIZATION_LEVEL = 0;
				GCC_PREPROCESSOR_DEFINITIONS = (
					"$(inherited)",
					"FLEXT_SYS=2",
				);
				HEADER_SEARCH_PATHS = (
					"$(PD-devel)/src",
					/usr/local/include/flext,
				);
				INSTALL_PATH = "$(PD)/extra";
				LIBRARY_SEARCH_PATHS = /usr/local/lib;
				LIBRARY_STYLE = BUNDLE;
				MACH_O_TYPE = mh_dylib;
				MACOSX_DEPLOYMENT_TARGET = 10.3;
				OTHER_LDFLAGS = (
					"-lflext-pd_sd",
					"-undefined",
					dynamic_lookup,
				);
				PRODUCT_NAME = ml_libsvm;
				USER_HEADER_SEARCH_PATHS = /usr/local/include;
				ZERO_LINK = YES;
			};
			name = Development;
		};
		E9A5BC8C0A33819900AD9F03 /* Deployment */ = {
			isa = XCBuildConfiguration;
			buildSettings = {
				ARCHS = "$(ARCHS_STANDARD_32_64_BIT)";
				COPY_PHASE_STRIP = YES;
				DYLIB_COMPATIBILITY_VERSION = 1;
				DYLIB_CURRENT_VERSION = 1;
				EXECUTABLE_EXTENSION = pd_darwin;
				GCC_PREPROCESSOR_DEFINITIONS = (
					"$(inherited)",
					"FLEXT_SYS=2",
				);
				HEADER_SEARCH_PATHS = (
					"$(PD)/src",
					"$(flext)/source",
				);
				INSTALL_PATH = "$(PD)/extra";
				LIBRARY_SEARCH_PATHS = /usr/local/lib;
				LIBRARY_STYLE = BUNDLE;
				MACH_O_TYPE = mh_dylib;
				MACOSX_DEPLOYMENT_TARGET = 10.3;
				OTHER_LDFLAGS = (
					"-lflext-pd_s",
					"-undefined",
					dynamic_lookup,
				);
				PRODUCT_NAME = ml_libsvm;
				USER_HEADER_SEARCH_PATHS = /usr/local/include;
				ZERO_LINK = NO;
			};
			name = Deployment;
		};
		E9A5BC8D0A33819900AD9F03 /* Default */ = {
			isa = XCBuildConfiguration;
			buildSettings = {
				ARCHS = "$(ARCHS_STANDARD_32_64_BIT)";
				DYLIB_COMPATIBILITY_VERSION = 1;
				DYLIB_CURRENT_VERSION = 1;
				EXECUTABLE_EXTENSION = pd_darwin;
				GCC_GENERATE_DEBUGGING_SYMBOLS = NO;
				GCC_INPUT_FILETYPE = sourcecode.cpp.cpp;
				GCC_PREPROCESSOR_DEFINITIONS = "FLEXT_SYS=2";
				HEADER_SEARCH_PATHS = (
					"$(PDApp)/src",
					"$(flext)/source",
				);
				INSTALL_PATH = "$(PD)/extra";
				LIBRARY_SEARCH_PATHS = /usr/local/lib;
				LIBRARY_STYLE = BUNDLE;
				MACH_O_TYPE = mh_bundle;
				OTHER_LDFLAGS = (
					"-bundle_loader",
					"$(PDApp)/bin/pd",
				);
				PRODUCT_NAME = xsample;
				USER_HEADER_SEARCH_PATHS = /usr/local/include;
			};
			name = Default;
		};
		E9A5BC8F0A33819900AD9F03 /* Development */ = {
			isa = XCBuildConfiguration;
			buildSettings = {
				ARCHS = "$(ARCHS_STANDARD_32_BIT)";
				COPY_PHASE_STRIP = NO;
				DEBUGGING_SYMBOLS = YES;
				FRAMEWORK_SEARCH_PATHS = (
					"$(inherited)",
					"$(LOCAL_LIBRARY_DIR)/Frameworks",
					"$(maxsdk)/max-includes",
					"$(maxsdk)/msp-includes",
					"$(USER_LIBRARY_DIR)/Frameworks/Max5/c74support/max-includes",
					"$(USER_LIBRARY_DIR)/Frameworks/Max5/c74support/msp-includes",
				);
				GCC_OPTIMIZATION_LEVEL = 0;
				GCC_PREPROCESSOR_DEFINITIONS = (
					"$(inherited)",
					"FLEXT_SYS=1",
				);
				GENERATE_PKGINFO_FILE = YES;
				HEADER_SEARCH_PATHS = (
					"$(maxsdk)/max-includes",
					"$(maxsdk)/msp-includes",
					"$(flext)/source",
				);
				INFOPLIST_FILE = Info.plist;
				INFOPLIST_PREPROCESS = YES;
				INSTALL_PATH = "/Library/Application Support/Cycling 74/externals/flext";
				LIBRARY_SEARCH_PATHS = (
					/usr/local/lib,
					"$(maxsdk)/max-includes",
				);
				LIBRARY_STYLE = DYNAMIC;
				OTHER_LDFLAGS = "-lflext-max_sd";
				OTHER_REZFLAGS = "";
				PRODUCT_NAME = ml_libsvm;
				SDKROOT = macosx;
				SECTORDER_FLAGS = "";
				USER_HEADER_SEARCH_PATHS = /usr/local/include/flext;
				WARNING_CFLAGS = (
					"-Wmost",
					"-Wno-four-char-constants",
					"-Wno-unknown-pragmas",
				);
				WRAPPER_EXTENSION = mxo;
				ZERO_LINK = YES;
				maxsdk = /Users/jamie/Library/Frameworks/Max5/c74support;
			};
			name = Development;
		};
		E9A5BC900A33819900AD9F03 /* Deployment */ = {
			isa = XCBuildConfiguration;
			buildSettings = {
				ARCHS = "$(ARCHS_STANDARD_32_BIT)";
				COPY_PHASE_STRIP = YES;
				FRAMEWORK_SEARCH_PATHS = (
					"$(inherited)",
					"$(LOCAL_LIBRARY_DIR)/Frameworks",
					"$(maxsdk)/max-includes",
					"$(maxsdk)/msp-includes",
					"$(USER_LIBRARY_DIR)/Frameworks/Max5/c74support/max-includes",
					"$(USER_LIBRARY_DIR)/Frameworks/Max5/c74support/msp-includes",
				);
				GCC_PREPROCESSOR_DEFINITIONS = (
					"$(inherited)",
					"FLEXT_SYS=1",
				);
				GENERATE_PKGINFO_FILE = YES;
				HEADER_SEARCH_PATHS = (
					"$(maxsdk)/max-includes",
					"$(maxsdk)/msp-includes",
					"$(flext)/source",
				);
				INFOPLIST_FILE = Info.plist;
				INFOPLIST_PREPROCESS = YES;
				INSTALL_PATH = "/Library/Application Support/Cycling 74/externals/flext";
				LIBRARY_SEARCH_PATHS = (
					/usr/local/lib,
					"$(maxsdk)/max-includes",
				);
				LIBRARY_STYLE = DYNAMIC;
				OTHER_LDFLAGS = "-lflext-max_sd";
				OTHER_REZFLAGS = "";
				PRODUCT_NAME = ml_libsvm;
				SDKROOT = macosx;
				SECTORDER_FLAGS = "";
				USER_HEADER_SEARCH_PATHS = /usr/local/include/flext;
				WARNING_CFLAGS = (
					"-Wmost",
					"-Wno-four-char-constants",
					"-Wno-unknown-pragmas",
				);
				WRAPPER_EXTENSION = mxo;
				ZERO_LINK = NO;
				maxsdk = /Users/jamie/Library/Frameworks/Max5/c74support;
			};
			name = Deployment;
		};
		E9A5BC910A33819900AD9F03 /* Default */ = {
			isa = XCBuildConfiguration;
			buildSettings = {
				ARCHS = "$(ARCHS_STANDARD_32_BIT)";
				FRAMEWORK_SEARCH_PATHS = (
					"$(inherited)",
					"$(LOCAL_LIBRARY_DIR)/Frameworks",
					"$(maxsdk)/max-includes",
					"$(maxsdk)/msp-includes",
					"$(USER_LIBRARY_DIR)/Frameworks/Max5/c74support/max-includes",
					"$(USER_LIBRARY_DIR)/Frameworks/Max5/c74support/msp-includes",
				);
				GCC_PREPROCESSOR_DEFINITIONS = "FLEXT_SYS=1";
				GENERATE_PKGINFO_FILE = YES;
				HEADER_SEARCH_PATHS = (
					"$(maxsdk)/max-includes",
					"$(maxsdk)/msp-includes",
					"$(flext)/source",
				);
				INFOPLIST_FILE = "source/xsample-Info.plist";
				INSTALL_PATH = "/Library/Application Support/Cycling 74/externals/flext";
				LIBRARY_SEARCH_PATHS = (
					/usr/local/lib,
					"$(maxsdk)/max-includes",
				);
				LIBRARY_STYLE = DYNAMIC;
				OTHER_CFLAGS = "";
				OTHER_LDFLAGS = "-lflext-max_sd";
				OTHER_REZFLAGS = "";
				PRODUCT_NAME = xsample;
				SDKROOT = macosx;
				SECTORDER_FLAGS = "";
				USER_HEADER_SEARCH_PATHS = /usr/local/include/flext;
				WARNING_CFLAGS = (
					"-Wmost",
					"-Wno-four-char-constants",
					"-Wno-unknown-pragmas",
				);
				WRAPPER_EXTENSION = mxo;
				maxsdk = /Users/jamie/Library/Frameworks/Max5/c74support;
			};
			name = Default;
		};
		E9A5BC930A33819900AD9F03 /* Development */ = {
			isa = XCBuildConfiguration;
			buildSettings = {
				GCC_ALTIVEC_EXTENSIONS = YES;
				GCC_ENABLE_FIX_AND_CONTINUE = YES;
				GCC_OPTIMIZATION_LEVEL = 0;
				GCC_PREPROCESSOR_DEFINITIONS = (
					_DEBUG,
					FLEXT_USESIMD,
					ML_LIBSVM_DEBUG,
				);
				HEADER_SEARCH_PATHS = (
					"$(inherited)",
					/Applications/Xcode.app/Contents/Developer/Toolchains/XcodeDefault.xctoolchain/usr/include,
				);
				MACOSX_DEPLOYMENT_TARGET = 10.8;
				PRODUCT_NAME = "$(PROJECT_NAME)";
				maxsdk = /Users/jamie/Library/Frameworks/c74support;
			};
			name = Development;
		};
		E9A5BC940A33819900AD9F03 /* Deployment */ = {
			isa = XCBuildConfiguration;
			buildSettings = {
				GCC_ALTIVEC_EXTENSIONS = YES;
				GCC_ENABLE_SSE3_EXTENSIONS = YES;
				GCC_GENERATE_DEBUGGING_SYMBOLS = YES;
				GCC_PREPROCESSOR_DEFINITIONS = (
					NDEBUG,
					FLEXT_USESIMD,
				);
				GCC_STRICT_ALIASING = YES;
				HEADER_SEARCH_PATHS = (
					"$(inherited)",
					/Applications/Xcode.app/Contents/Developer/Toolchains/XcodeDefault.xctoolchain/usr/include,
				);
				MACOSX_DEPLOYMENT_TARGET = 10.8;
				PRODUCT_NAME = "$(PROJECT_NAME)";
				maxsdk = /Users/jamie/Library/Frameworks/c74support;
			};
			name = Deployment;
		};
		E9A5BC950A33819900AD9F03 /* Default */ = {
			isa = XCBuildConfiguration;
			buildSettings = {
				HEADER_SEARCH_PATHS = (
					"$(inherited)",
					/Applications/Xcode.app/Contents/Developer/Toolchains/XcodeDefault.xctoolchain/usr/include,
				);
				MACOSX_DEPLOYMENT_TARGET = 10.8;
				maxsdk = /Users/jamie/Library/Frameworks/c74support;
			};
			name = Default;
		};
/* End XCBuildConfiguration section */

/* Begin XCConfigurationList section */
		E9A5BC8A0A33819900AD9F03 /* Build configuration list for PBXNativeTarget "pd static" */ = {
			isa = XCConfigurationList;
			buildConfigurations = (
				E9A5BC8B0A33819900AD9F03 /* Development */,
				E9A5BC8C0A33819900AD9F03 /* Deployment */,
				E9A5BC8D0A33819900AD9F03 /* Default */,
			);
			defaultConfigurationIsVisible = 0;
			defaultConfigurationName = Default;
		};
		E9A5BC8E0A33819900AD9F03 /* Build configuration list for PBXNativeTarget "max static" */ = {
			isa = XCConfigurationList;
			buildConfigurations = (
				E9A5BC8F0A33819900AD9F03 /* Development */,
				E9A5BC900A33819900AD9F03 /* Deployment */,
				E9A5BC910A33819900AD9F03 /* Default */,
			);
			defaultConfigurationIsVisible = 0;
			defaultConfigurationName = Default;
		};
		E9A5BC920A33819900AD9F03 /* Build configuration list for PBXProject "ml_libsvm" */ = {
			isa = XCConfigurationList;
			buildConfigurations = (
				E9A5BC930A33819900AD9F03 /* Development */,
				E9A5BC940A33819900AD9F03 /* Deployment */,
				E9A5BC950A33819900AD9F03 /* Default */,
			);
			defaultConfigurationIsVisible = 0;
			defaultConfigurationName = Default;
		};
/* End XCConfigurationList section */
	};
	rootObject = 0867D690FE84028FC02AAC07 /* Project object */;
}
